<?xml version="1.0" encoding="utf-8"?>
<Project ToolsVersion="4.0" xmlns="http://schemas.microsoft.com/developer/msbuild/2003">
  <ItemGroup>
    <ClCompile Include="mini3d.cpp" />
    <ClCompile Include="texture.cpp" />
    <ClCompile Include="device.cpp" />
    <ClCompile Include="D3D.cpp" />
    <ClCompile Include="mesh.cpp" />
  </ItemGroup>
  <ItemGroup>
    <ClInclude Include="stb_image.h" />
    <ClInclude Include="D3D.h" />
    <ClInclude Include="texture.h" />
    <ClInclude Include="device.h" />
    <ClInclude Include="mesh.h" />
    <ClInclude Include="libraries\include\assimp\ai_assert.h">
      <Filter>assimp</Filter>
    </ClInclude>
    <ClInclude Include="libraries\include\assimp\anim.h">
      <Filter>assimp</Filter>
    </ClInclude>
    <ClInclude Include="libraries\include\assimp\camera.h">
      <Filter>assimp</Filter>
    </ClInclude>
    <ClInclude Include="libraries\include\assimp\cexport.h">
      <Filter>assimp</Filter>
    </ClInclude>
    <ClInclude Include="libraries\include\assimp\cfileio.h">
      <Filter>assimp</Filter>
    </ClInclude>
    <ClInclude Include="libraries\include\assimp\cimport.h">
      <Filter>assimp</Filter>
    </ClInclude>
    <ClInclude Include="libraries\include\assimp\color4.h">
      <Filter>assimp</Filter>
    </ClInclude>
    <ClInclude Include="libraries\include\assimp\config.h">
      <Filter>assimp</Filter>
    </ClInclude>
    <ClInclude Include="libraries\include\assimp\DefaultLogger.hpp">
      <Filter>assimp</Filter>
    </ClInclude>
    <ClInclude Include="libraries\include\assimp\defs.h">
      <Filter>assimp</Filter>
    </ClInclude>
    <ClInclude Include="libraries\include\assimp\Exporter.hpp">
      <Filter>assimp</Filter>
    </ClInclude>
    <ClInclude Include="libraries\include\assimp\Importer.hpp">
      <Filter>assimp</Filter>
    </ClInclude>
    <ClInclude Include="libraries\include\assimp\importerdesc.h">
      <Filter>assimp</Filter>
    </ClInclude>
    <ClInclude Include="libraries\include\assimp\IOStream.hpp">
      <Filter>assimp</Filter>
    </ClInclude>
    <ClInclude Include="libraries\include\assimp\IOSystem.hpp">
      <Filter>assimp</Filter>
    </ClInclude>
    <ClInclude Include="libraries\include\assimp\light.h">
      <Filter>assimp</Filter>
    </ClInclude>
    <ClInclude Include="libraries\include\assimp\Logger.hpp">
      <Filter>assimp</Filter>
    </ClInclude>
    <ClInclude Include="libraries\include\assimp\LogStream.hpp">
      <Filter>assimp</Filter>
    </ClInclude>
    <ClInclude Include="libraries\include\assimp\material.h">
      <Filter>assimp</Filter>
    </ClInclude>
    <ClInclude Include="libraries\include\assimp\matrix3x3.h">
      <Filter>assimp</Filter>
    </ClInclude>
    <ClInclude Include="libraries\include\assimp\matrix4x4.h">
      <Filter>assimp</Filter>
    </ClInclude>
    <ClInclude Include="libraries\include\assimp\mesh.h">
      <Filter>assimp</Filter>
    </ClInclude>
    <ClInclude Include="libraries\include\assimp\metadata.h">
      <Filter>assimp</Filter>
    </ClInclude>
    <ClInclude Include="libraries\include\assimp\NullLogger.hpp">
      <Filter>assimp</Filter>
    </ClInclude>
    <ClInclude Include="libraries\include\assimp\postprocess.h">
      <Filter>assimp</Filter>
    </ClInclude>
    <ClInclude Include="libraries\include\assimp\ProgressHandler.hpp">
      <Filter>assimp</Filter>
    </ClInclude>
    <ClInclude Include="libraries\include\assimp\quaternion.h">
      <Filter>assimp</Filter>
    </ClInclude>
    <ClInclude Include="libraries\include\assimp\scene.h">
      <Filter>assimp</Filter>
    </ClInclude>
    <ClInclude Include="libraries\include\assimp\texture.h">
      <Filter>assimp</Filter>
    </ClInclude>
    <ClInclude Include="libraries\include\assimp\types.h">
      <Filter>assimp</Filter>
    </ClInclude>
    <ClInclude Include="libraries\include\assimp\vector2.h">
      <Filter>assimp</Filter>
    </ClInclude>
    <ClInclude Include="libraries\include\assimp\vector3.h">
      <Filter>assimp</Filter>
    </ClInclude>
    <ClInclude Include="libraries\include\assimp\version.h">
      <Filter>assimp</Filter>
    </ClInclude>
    <ClInclude Include="libraries\include\assimp\Compiler\poppack1.h">
      <Filter>assimp\Compiler</Filter>
    </ClInclude>
    <ClInclude Include="libraries\include\assimp\Compiler\pstdint.h">
      <Filter>assimp\Compiler</Filter>
    </ClInclude>
    <ClInclude Include="libraries\include\assimp\Compiler\pushpack1.h">
      <Filter>assimp\Compiler</Filter>
    </ClInclude>
    <ClInclude Include="libraries\include\lua\lapi.h">
      <Filter>lua</Filter>
    </ClInclude>
    <ClInclude Include="libraries\include\lua\lauxlib.h">
      <Filter>lua</Filter>
    </ClInclude>
    <ClInclude Include="libraries\include\lua\lcode.h">
      <Filter>lua</Filter>
    </ClInclude>
    <ClInclude Include="libraries\include\lua\lctype.h">
      <Filter>lua</Filter>
    </ClInclude>
    <ClInclude Include="libraries\include\lua\ldebug.h">
      <Filter>lua</Filter>
    </ClInclude>
    <ClInclude Include="libraries\include\lua\ldo.h">
      <Filter>lua</Filter>
    </ClInclude>
    <ClInclude Include="libraries\include\lua\lfunc.h">
      <Filter>lua</Filter>
    </ClInclude>
    <ClInclude Include="libraries\include\lua\lgc.h">
      <Filter>lua</Filter>
    </ClInclude>
    <ClInclude Include="libraries\include\lua\llex.h">
      <Filter>lua</Filter>
    </ClInclude>
    <ClInclude Include="libraries\include\lua\llimits.h">
      <Filter>lua</Filter>
    </ClInclude>
    <ClInclude Include="libraries\include\lua\lmem.h">
      <Filter>lua</Filter>
    </ClInclude>
    <ClInclude Include="libraries\include\lua\lobject.h">
      <Filter>lua</Filter>
    </ClInclude>
    <ClInclude Include="libraries\include\lua\lopcodes.h">
      <Filter>lua</Filter>
    </ClInclude>
    <ClInclude Include="libraries\include\lua\lparser.h">
      <Filter>lua</Filter>
    </ClInclude>
    <ClInclude Include="libraries\include\lua\lprefix.h">
      <Filter>lua</Filter>
    </ClInclude>
    <ClInclude Include="libraries\include\lua\lstate.h">
      <Filter>lua</Filter>
    </ClInclude>
    <ClInclude Include="libraries\include\lua\lstring.h">
      <Filter>lua</Filter>
    </ClInclude>
    <ClInclude Include="libraries\include\lua\ltable.h">
      <Filter>lua</Filter>
    </ClInclude>
    <ClInclude Include="libraries\include\lua\ltm.h">
      <Filter>lua</Filter>
    </ClInclude>
    <ClInclude Include="libraries\include\lua\lua.h">
      <Filter>lua</Filter>
    </ClInclude>
    <ClInclude Include="libraries\include\lua\lua.hpp">
      <Filter>lua</Filter>
    </ClInclude>
    <ClInclude Include="libraries\include\lua\luaconf.h">
      <Filter>lua</Filter>
    </ClInclude>
    <ClInclude Include="libraries\include\lua\lualib.h">
      <Filter>lua</Filter>
    </ClInclude>
    <ClInclude Include="libraries\include\lua\lundump.h">
      <Filter>lua</Filter>
    </ClInclude>
    <ClInclude Include="libraries\include\lua\lvm.h">
      <Filter>lua</Filter>
    </ClInclude>
    <ClInclude Include="libraries\include\lua\lzio.h">
      <Filter>lua</Filter>
    </ClInclude>
    <ClInclude Include="Render.h" />
  </ItemGroup>
  <ItemGroup>
    <Filter Include="assimp">
      <UniqueIdentifier>{b32354ac-fa71-423b-9e24-64016f38cfa5}</UniqueIdentifier>
    </Filter>
    <Filter Include="assimp\Compiler">
      <UniqueIdentifier>{d92be1f2-5994-47ed-b42f-f6d536f8f922}</UniqueIdentifier>
    </Filter>
    <Filter Include="lua">
      <UniqueIdentifier>{712f8baf-d529-489f-8428-4c1e4fdd410e}</UniqueIdentifier>
    </Filter>
  </ItemGroup>
  <ItemGroup>
    <None Include="libraries\include\assimp\color4.inl">
      <Filter>assimp</Filter>
    </None>
    <None Include="libraries\include\assimp\material.inl">
      <Filter>assimp</Filter>
    </None>
    <None Include="libraries\include\assimp\matrix3x3.inl">
      <Filter>assimp</Filter>
    </None>
    <None Include="libraries\include\assimp\matrix4x4.inl">
      <Filter>assimp</Filter>
    </None>
    <None Include="libraries\include\assimp\quaternion.inl">
      <Filter>assimp</Filter>
    </None>
    <None Include="libraries\include\assimp\vector2.inl">
      <Filter>assimp</Filter>
    </None>
    <None Include="libraries\include\assimp\vector3.inl">
      <Filter>assimp</Filter>
    </None>
  </ItemGroup>
</Project>